// !$*UTF8*$!
{
	archiveVersion = 1;
	classes = {
	};
	objectVersion = 46;
	objects = {

/* Begin PBXBuildFile section */
		319AD2B41C802CBC003845A4 /* AppDelegate.swift in Sources */ = {isa = PBXBuildFile; fileRef = 319AD2B31C802CBC003845A4 /* AppDelegate.swift */; };
		319AD2B61C802CBC003845A4 /* ViewController.swift in Sources */ = {isa = PBXBuildFile; fileRef = 319AD2B51C802CBC003845A4 /* ViewController.swift */; };
		319AD2B91C802CBC003845A4 /* Main.storyboard in Resources */ = {isa = PBXBuildFile; fileRef = 319AD2B71C802CBC003845A4 /* Main.storyboard */; };
		319AD2BB1C802CBC003845A4 /* Assets.xcassets in Resources */ = {isa = PBXBuildFile; fileRef = 319AD2BA1C802CBC003845A4 /* Assets.xcassets */; };
		319AD2BE1C802CBC003845A4 /* LaunchScreen.storyboard in Resources */ = {isa = PBXBuildFile; fileRef = 319AD2BC1C802CBC003845A4 /* LaunchScreen.storyboard */; };
		319AD2CE1C802D74003845A4 /* PDFResourceHelper.swift in Sources */ = {isa = PBXBuildFile; fileRef = 319AD2CA1C802D74003845A4 /* PDFResourceHelper.swift */; };
		319AD2CF1C802D74003845A4 /* UIImage+PDF.swift in Sources */ = {isa = PBXBuildFile; fileRef = 319AD2CB1C802D74003845A4 /* UIImage+PDF.swift */; };
		319AD2D01C802D74003845A4 /* UIPDFView.swift in Sources */ = {isa = PBXBuildFile; fileRef = 319AD2CC1C802D74003845A4 /* UIPDFView.swift */; };
		319AD2D11C802D74003845A4 /* UIView+Image.swift in Sources */ = {isa = PBXBuildFile; fileRef = 319AD2CD1C802D74003845A4 /* UIView+Image.swift */; };
		319AD2D31C80395C003845A4 /* animalsCat.pdf in Resources */ = {isa = PBXBuildFile; fileRef = 319AD2D21C80395C003845A4 /* animalsCat.pdf */; };
/* End PBXBuildFile section */

/* Begin PBXFileReference section */
		319AD2B01C802CBC003845A4 /* Swift Image+PDF.app */ = {isa = PBXFileReference; explicitFileType = wrapper.application; includeInIndex = 0; path = "Swift Image+PDF.app"; sourceTree = BUILT_PRODUCTS_DIR; };
		319AD2B31C802CBC003845A4 /* AppDelegate.swift */ = {isa = PBXFileReference; lastKnownFileType = sourcecode.swift; path = AppDelegate.swift; sourceTree = "<group>"; };
		319AD2B51C802CBC003845A4 /* ViewController.swift */ = {isa = PBXFileReference; lastKnownFileType = sourcecode.swift; path = ViewController.swift; sourceTree = "<group>"; };
		319AD2B81C802CBC003845A4 /* Base */ = {isa = PBXFileReference; lastKnownFileType = file.storyboard; name = Base; path = Base.lproj/Main.storyboard; sourceTree = "<group>"; };
		319AD2BA1C802CBC003845A4 /* Assets.xcassets */ = {isa = PBXFileReference; lastKnownFileType = folder.assetcatalog; path = Assets.xcassets; sourceTree = "<group>"; };
		319AD2BD1C802CBC003845A4 /* Base */ = {isa = PBXFileReference; lastKnownFileType = file.storyboard; name = Base; path = Base.lproj/LaunchScreen.storyboard; sourceTree = "<group>"; };
		319AD2BF1C802CBC003845A4 /* Info.plist */ = {isa = PBXFileReference; lastKnownFileType = text.plist.xml; path = Info.plist; sourceTree = "<group>"; };
		319AD2CA1C802D74003845A4 /* PDFResourceHelper.swift */ = {isa = PBXFileReference; fileEncoding = 4; lastKnownFileType = sourcecode.swift; path = PDFResourceHelper.swift; sourceTree = "<group>"; };
		319AD2CB1C802D74003845A4 /* UIImage+PDF.swift */ = {isa = PBXFileReference; fileEncoding = 4; lastKnownFileType = sourcecode.swift; path = "UIImage+PDF.swift"; sourceTree = "<group>"; };
		319AD2CC1C802D74003845A4 /* UIPDFView.swift */ = {isa = PBXFileReference; fileEncoding = 4; lastKnownFileType = sourcecode.swift; path = UIPDFView.swift; sourceTree = "<group>"; };
		319AD2CD1C802D74003845A4 /* UIView+Image.swift */ = {isa = PBXFileReference; fileEncoding = 4; lastKnownFileType = sourcecode.swift; path = "UIView+Image.swift"; sourceTree = "<group>"; };
		319AD2D21C80395C003845A4 /* animalsCat.pdf */ = {isa = PBXFileReference; lastKnownFileType = image.pdf; name = animalsCat.pdf; path = "Swift Image+PDF/animalsCat.pdf"; sourceTree = SOURCE_ROOT; };
/* End PBXFileReference section */

/* Begin PBXFrameworksBuildPhase section */
		319AD2AD1C802CBC003845A4 /* Frameworks */ = {
			isa = PBXFrameworksBuildPhase;
			buildActionMask = 2147483647;
			files = (
			);
			runOnlyForDeploymentPostprocessing = 0;
		};
/* End PBXFrameworksBuildPhase section */

/* Begin PBXGroup section */
		319AD2A71C802CBC003845A4 = {
			isa = PBXGroup;
			children = (
				319AD2B21C802CBC003845A4 /* Swift Image+PDF */,
				319AD2B11C802CBC003845A4 /* Products */,
			);
			sourceTree = "<group>";
		};
		319AD2B11C802CBC003845A4 /* Products */ = {
			isa = PBXGroup;
			children = (
				319AD2B01C802CBC003845A4 /* Swift Image+PDF.app */,
			);
			name = Products;
			sourceTree = "<group>";
		};
		319AD2B21C802CBC003845A4 /* Swift Image+PDF */ = {
			isa = PBXGroup;
			children = (
				319AD2B31C802CBC003845A4 /* AppDelegate.swift */,
				319AD2B51C802CBC003845A4 /* ViewController.swift */,
				319AD2C91C802D74003845A4 /* UIImage+PDF */,
				319AD2BA1C802CBC003845A4 /* Assets.xcassets */,
				319AD2B71C802CBC003845A4 /* Main.storyboard */,
				319AD2BC1C802CBC003845A4 /* LaunchScreen.storyboard */,
				319AD2BF1C802CBC003845A4 /* Info.plist */,
			);
			path = "Swift Image+PDF";
			sourceTree = "<group>";
		};
		319AD2C91C802D74003845A4 /* UIImage+PDF */ = {
			isa = PBXGroup;
			children = (
				319AD2CA1C802D74003845A4 /* PDFResourceHelper.swift */,
				319AD2CD1C802D74003845A4 /* UIView+Image.swift */,
				319AD2CC1C802D74003845A4 /* UIPDFView.swift */,
				319AD2CB1C802D74003845A4 /* UIImage+PDF.swift */,
				319AD2D21C80395C003845A4 /* animalsCat.pdf */,
			);
			path = "UIImage+PDF";
			sourceTree = "<group>";
		};
/* End PBXGroup section */

/* Begin PBXNativeTarget section */
		319AD2AF1C802CBC003845A4 /* Swift Image+PDF */ = {
			isa = PBXNativeTarget;
			buildConfigurationList = 319AD2C21C802CBC003845A4 /* Build configuration list for PBXNativeTarget "Swift Image+PDF" */;
			buildPhases = (
				319AD2AC1C802CBC003845A4 /* Sources */,
				319AD2AD1C802CBC003845A4 /* Frameworks */,
				319AD2AE1C802CBC003845A4 /* Resources */,
			);
			buildRules = (
			);
			dependencies = (
			);
			name = "Swift Image+PDF";
			productName = "Swift Image+PDF";
			productReference = 319AD2B01C802CBC003845A4 /* Swift Image+PDF.app */;
			productType = "com.apple.product-type.application";
		};
/* End PBXNativeTarget section */

/* Begin PBXProject section */
		319AD2A81C802CBC003845A4 /* Project object */ = {
			isa = PBXProject;
			attributes = {
				LastSwiftUpdateCheck = 0730;
				LastUpgradeCheck = 0820;
				ORGANIZATIONNAME = "Roman Bambura";
				TargetAttributes = {
					319AD2AF1C802CBC003845A4 = {
						CreatedOnToolsVersion = 7.3;
						LastSwiftMigration = 0820;
					};
				};
			};
			buildConfigurationList = 319AD2AB1C802CBC003845A4 /* Build configuration list for PBXProject "Swift Image+PDF" */;
			compatibilityVersion = "Xcode 3.2";
			developmentRegion = English;
			hasScannedForEncodings = 0;
			knownRegions = (
				en,
				Base,
			);
			mainGroup = 319AD2A71C802CBC003845A4;
			productRefGroup = 319AD2B11C802CBC003845A4 /* Products */;
			projectDirPath = "";
			projectRoot = "";
			targets = (
				319AD2AF1C802CBC003845A4 /* Swift Image+PDF */,
			);
		};
/* End PBXProject section */

/* Begin PBXResourcesBuildPhase section */
		319AD2AE1C802CBC003845A4 /* Resources */ = {
			isa = PBXResourcesBuildPhase;
			buildActionMask = 2147483647;
			files = (
				319AD2BE1C802CBC003845A4 /* LaunchScreen.storyboard in Resources */,
				319AD2BB1C802CBC003845A4 /* Assets.xcassets in Resources */,
				319AD2B91C802CBC003845A4 /* Main.storyboard in Resources */,
				319AD2D31C80395C003845A4 /* animalsCat.pdf in Resources */,
			);
			runOnlyForDeploymentPostprocessing = 0;
		};
/* End PBXResourcesBuildPhase section */

/* Begin PBXSourcesBuildPhase section */
		319AD2AC1C802CBC003845A4 /* Sources */ = {
			isa = PBXSourcesBuildPhase;
			buildActionMask = 2147483647;
			files = (
				319AD2B61C802CBC003845A4 /* ViewController.swift in Sources */,
				319AD2D01C802D74003845A4 /* UIPDFView.swift in Sources */,
				319AD2B41C802CBC003845A4 /* AppDelegate.swift in Sources */,
				319AD2CF1C802D74003845A4 /* UIImage+PDF.swift in Sources */,
				319AD2D11C802D74003845A4 /* UIView+Image.swift in Sources */,
				319AD2CE1C802D74003845A4 /* PDFResourceHelper.swift in Sources */,
			);
			runOnlyForDeploymentPostprocessing = 0;
		};
/* End PBXSourcesBuildPhase section */

/* Begin PBXVariantGroup section */
		319AD2B71C802CBC003845A4 /* Main.storyboard */ = {
			isa = PBXVariantGroup;
			children = (
				319AD2B81C802CBC003845A4 /* Base */,
			);
			name = Main.storyboard;
			sourceTree = "<group>";
		};
		319AD2BC1C802CBC003845A4 /* LaunchScreen.storyboard */ = {
			isa = PBXVariantGroup;
			children = (
				319AD2BD1C802CBC003845A4 /* Base */,
			);
			name = LaunchScreen.storyboard;
			sourceTree = "<group>";
		};
/* End PBXVariantGroup section */

/* Begin XCBuildConfiguration section */
		319AD2C01C802CBC003845A4 /* Debug */ = {
			isa = XCBuildConfiguration;
			buildSettings = {
				ALWAYS_SEARCH_USER_PATHS = NO;
				CLANG_ANALYZER_NONNULL = YES;
				CLANG_CXX_LANGUAGE_STANDARD = "gnu++0x";
				CLANG_CXX_LIBRARY = "libc++";
				CLANG_ENABLE_MODULES = YES;
				CLANG_ENABLE_OBJC_ARC = YES;
				CLANG_WARN_BOOL_CONVERSION = YES;
				CLANG_WARN_CONSTANT_CONVERSION = YES;
				CLANG_WARN_DIRECT_OBJC_ISA_USAGE = YES_ERROR;
				CLANG_WARN_EMPTY_BODY = YES;
				CLANG_WARN_ENUM_CONVERSION = YES;
				CLANG_WARN_INFINITE_RECURSION = YES;
				CLANG_WARN_INT_CONVERSION = YES;
				CLANG_WARN_OBJC_ROOT_CLASS = YES_ERROR;
				CLANG_WARN_SUSPICIOUS_MOVE = YES;
				CLANG_WARN_UNREACHABLE_CODE = YES;
				CLANG_WARN__DUPLICATE_METHOD_MATCH = YES;
				"CODE_SIGN_IDENTITY[sdk=iphoneos*]" = "iPhone Developer";
				COPY_PHASE_STRIP = NO;
				DEBUG_INFORMATION_FORMAT = dwarf;
				ENABLE_STRICT_OBJC_MSGSEND = YES;
				ENABLE_TESTABILITY = YES;
				GCC_C_LANGUAGE_STANDARD = gnu99;
				GCC_DYNAMIC_NO_PIC = NO;
				GCC_NO_COMMON_BLOCKS = YES;
				GCC_OPTIMIZATION_LEVEL = 0;
				GCC_PREPROCESSOR_DEFINITIONS = (
					"DEBUG=1",
					"$(inherited)",
				);
				GCC_WARN_64_TO_32_BIT_CONVERSION = YES;
				GCC_WARN_ABOUT_RETURN_TYPE = YES_ERROR;
				GCC_WARN_UNDECLARED_SELECTOR = YES;
				GCC_WARN_UNINITIALIZED_AUTOS = YES_AGGRESSIVE;
				GCC_WARN_UNUSED_FUNCTION = YES;
				GCC_WARN_UNUSED_VARIABLE = YES;
				IPHONEOS_DEPLOYMENT_TARGET = 9.3;
				MTL_ENABLE_DEBUG_INFO = YES;
				ONLY_ACTIVE_ARCH = YES;
				SDKROOT = iphoneos;
				SWIFT_OPTIMIZATION_LEVEL = "-Onone";
				TARGETED_DEVICE_FAMILY = "1,2";
			};
			name = Debug;
		};
		319AD2C11C802CBC003845A4 /* Release */ = {
			isa = XCBuildConfiguration;
			buildSettings = {
				ALWAYS_SEARCH_USER_PATHS = NO;
				CLANG_ANALYZER_NONNULL = YES;
				CLANG_CXX_LANGUAGE_STANDARD = "gnu++0x";
				CLANG_CXX_LIBRARY = "libc++";
				CLANG_ENABLE_MODULES = YES;
				CLANG_ENABLE_OBJC_ARC = YES;
				CLANG_WARN_BOOL_CONVERSION = YES;
				CLANG_WARN_CONSTANT_CONVERSION = YES;
				CLANG_WARN_DIRECT_OBJC_ISA_USAGE = YES_ERROR;
				CLANG_WARN_EMPTY_BODY = YES;
				CLANG_WARN_ENUM_CONVERSION = YES;
				CLANG_WARN_INFINITE_RECURSION = YES;
				CLANG_WARN_INT_CONVERSION = YES;
				CLANG_WARN_OBJC_ROOT_CLASS = YES_ERROR;
				CLANG_WARN_SUSPICIOUS_MOVE = YES;
				CLANG_WARN_UNREACHABLE_CODE = YES;
				CLANG_WARN__DUPLICATE_METHOD_MATCH = YES;
				"CODE_SIGN_IDENTITY[sdk=iphoneos*]" = "iPhone Developer";
				COPY_PHASE_STRIP = NO;
				DEBUG_INFORMATION_FORMAT = "dwarf-with-dsym";
				ENABLE_NS_ASSERTIONS = NO;
				ENABLE_STRICT_OBJC_MSGSEND = YES;
				GCC_C_LANGUAGE_STANDARD = gnu99;
				GCC_NO_COMMON_BLOCKS = YES;
				GCC_WARN_64_TO_32_BIT_CONVERSION = YES;
				GCC_WARN_ABOUT_RETURN_TYPE = YES_ERROR;
				GCC_WARN_UNDECLARED_SELECTOR = YES;
				GCC_WARN_UNINITIALIZED_AUTOS = YES_AGGRESSIVE;
				GCC_WARN_UNUSED_FUNCTION = YES;
				GCC_WARN_UNUSED_VARIABLE = YES;
				IPHONEOS_DEPLOYMENT_TARGET = 9.3;
				MTL_ENABLE_DEBUG_INFO = NO;
				SDKROOT = iphoneos;
				SWIFT_OPTIMIZATION_LEVEL = "-Owholemodule";
				TARGETED_DEVICE_FAMILY = "1,2";
				VALIDATE_PRODUCT = YES;
			};
			name = Release;
		};
		319AD2C31C802CBC003845A4 /* Debug */ = {
			isa = XCBuildConfiguration;
			buildSettings = {
				ASSETCATALOG_COMPILER_APPICON_NAME = AppIcon;
				INFOPLIST_FILE = "Swift Image+PDF/Info.plist";
				LD_RUNPATH_SEARCH_PATHS = "$(inherited) @executable_path/Frameworks";
				PRODUCT_BUNDLE_IDENTIFIER = "sonettic.Swift-Image-PDF";
				PRODUCT_NAME = "$(TARGET_NAME)";
				SWIFT_VERSION = 3.0;
			};
			name = Debug;
		};
		319AD2C41C802CBC003845A4 /* Release */ = {
			isa = XCBuildConfiguration;
			buildSettings = {
				ASSETCATALOG_COMPILER_APPICON_NAME = AppIcon;
				INFOPLIST_FILE = "Swift Image+PDF/Info.plist";
				LD_RUNPATH_SEARCH_PATHS = "$(inherited) @executable_path/Frameworks";
				PRODUCT_BUNDLE_IDENTIFIER = "sonettic.Swift-Image-PDF";
				PRODUCT_NAME = "$(TARGET_NAME)";
				SWIFT_VERSION = 3.0;
			};
			name = Release;
		};
/* End XCBuildConfiguration section */

/* Begin XCConfigurationList section */
		319AD2AB1C802CBC003845A4 /* Build configuration list for PBXProject "Swift Image+PDF" */ = {
			isa = XCConfigurationList;
			buildConfigurations = (
				319AD2C01C802CBC003845A4 /* Debug */,
				319AD2C11C802CBC003845A4 /* Release */,
			);
			defaultConfigurationIsVisible = 0;
			defaultConfigurationName = Release;
		};
		319AD2C21C802CBC003845A4 /* Build configuration list for PBXNativeTarget "Swift Image+PDF" */ = {
			isa = XCConfigurationList;
			buildConfigurations = (
				319AD2C31C802CBC003845A4 /* Debug */,
				319AD2C41C802CBC003845A4 /* Release */,
			);
			defaultConfigurationIsVisible = 0;
			defaultConfigurationName = Release;
		};
/* End XCConfigurationList section */
	};
	rootObject = 319AD2A81C802CBC003845A4 /* Project object */;
}
